
Microsoft Visual Studio Solution File, Format Version 12.00
# Visual Studio 15
VisualStudioVersion = 15.0.26124.0
MinimumVisualStudioVersion = 15.0.26124.0
Project("{2150E333-8FDC-42A3-9474-1A3956D46DE8}") = "src", "src", "{331FF100-B4F6-41A7-B16A-B39EDCB5BEC4}"
EndProject
Project("{FAE04EC0-301F-11D3-BF4B-00C04F79EFBC}") = "Version.Bump", "src\Version.Bump\Version.Bump.csproj", "{E921CE78-FBD4-4532-9D93-E50FAA3F1309}"
EndProject
Project("{2150E333-8FDC-42A3-9474-1A3956D46DE8}") = "tests", "tests", "{7F9D5106-FBD9-4510-A2D7-9D64F45E2027}"
EndProject
Project("{FAE04EC0-301F-11D3-BF4B-00C04F79EFBC}") = "Version.Bump.VersionManipulation.Tests", "tests\Version.Bump.VersionManipulation.Tests\Version.Bump.VersionManipulation.Tests.csproj", "{14AFDB07-CE92-4301-B000-B21C06E45A89}"
EndProject
Global
	GlobalSection(SolutionConfigurationPlatforms) = preSolution
		Debug|Any CPU = Debug|Any CPU
		Debug|x64 = Debug|x64
		Debug|x86 = Debug|x86
		Release|Any CPU = Release|Any CPU
		Release|x64 = Release|x64
		Release|x86 = Release|x86
	EndGlobalSection
	GlobalSection(SolutionProperties) = preSolution
		HideSolutionNode = FALSE
	EndGlobalSection
	GlobalSection(ProjectConfigurationPlatforms) = postSolution
		{E921CE78-FBD4-4532-9D93-E50FAA3F1309}.Debug|Any CPU.ActiveCfg = Debug|Any CPU
		{E921CE78-FBD4-4532-9D93-E50FAA3F1309}.Debug|Any CPU.Build.0 = Debug|Any CPU
		{E921CE78-FBD4-4532-9D93-E50FAA3F1309}.Debug|x64.ActiveCfg = Debug|Any CPU
		{E921CE78-FBD4-4532-9D93-E50FAA3F1309}.Debug|x64.Build.0 = Debug|Any CPU
		{E921CE78-FBD4-4532-9D93-E50FAA3F1309}.Debug|x86.ActiveCfg = Debug|Any CPU
		{E921CE78-FBD4-4532-9D93-E50FAA3F1309}.Debug|x86.Build.0 = Debug|Any CPU
		{E921CE78-FBD4-4532-9D93-E50FAA3F1309}.Release|Any CPU.ActiveCfg = Release|Any CPU
		{E921CE78-FBD4-4532-9D93-E50FAA3F1309}.Release|Any CPU.Build.0 = Release|Any CPU
		{E921CE78-FBD4-4532-9D93-E50FAA3F1309}.Release|x64.ActiveCfg = Release|Any CPU
		{E921CE78-FBD4-4532-9D93-E50FAA3F1309}.Release|x64.Build.0 = Release|Any CPU
		{E921CE78-FBD4-4532-9D93-E50FAA3F1309}.Release|x86.ActiveCfg = Release|Any CPU
		{E921CE78-FBD4-4532-9D93-E50FAA3F1309}.Release|x86.Build.0 = Release|Any CPU
		{14AFDB07-CE92-4301-B000-B21C06E45A89}.Debug|Any CPU.ActiveCfg = Debug|Any CPU
		{14AFDB07-CE92-4301-B000-B21C06E45A89}.Debug|Any CPU.Build.0 = Debug|Any CPU
		{14AFDB07-CE92-4301-B000-B21C06E45A89}.Debug|x64.ActiveCfg = Debug|Any CPU
		{14AFDB07-CE92-4301-B000-B21C06E45A89}.Debug|x64.Build.0 = Debug|Any CPU
		{14AFDB07-CE92-4301-B000-B21C06E45A89}.Debug|x86.ActiveCfg = Debug|Any CPU
		{14AFDB07-CE92-4301-B000-B21C06E45A89}.Debug|x86.Build.0 = Debug|Any CPU
		{14AFDB07-CE92-4301-B000-B21C06E45A89}.Release|Any CPU.ActiveCfg = Release|Any CPU
		{14AFDB07-CE92-4301-B000-B21C06E45A89}.Release|Any CPU.Build.0 = Release|Any CPU
		{14AFDB07-CE92-4301-B000-B21C06E45A89}.Release|x64.ActiveCfg = Release|Any CPU
		{14AFDB07-CE92-4301-B000-B21C06E45A89}.Release|x64.Build.0 = Release|Any CPU
		{14AFDB07-CE92-4301-B000-B21C06E45A89}.Release|x86.ActiveCfg = Release|Any CPU
		{14AFDB07-CE92-4301-B000-B21C06E45A89}.Release|x86.Build.0 = Release|Any CPU
	EndGlobalSection
	GlobalSection(NestedProjects) = preSolution
		{E921CE78-FBD4-4532-9D93-E50FAA3F1309} = {331FF100-B4F6-41A7-B16A-B39EDCB5BEC4}
		{14AFDB07-CE92-4301-B000-B21C06E45A89} = {7F9D5106-FBD9-4510-A2D7-9D64F45E2027}
	EndGlobalSection
EndGlobal
